// !$*UTF8*$!
{
	archiveVersion = 1;
	classes = {
	};
	objectVersion = 46;
	objects = {

/* Begin PBXBuildFile section */
		26D51EEE1F48A39F004D6340 /* AppDelegate.swift in Sources */ = {isa = PBXBuildFile; fileRef = 26D51EED1F48A39F004D6340 /* AppDelegate.swift */; };
		26D51EF01F48A39F004D6340 /* ViewController.swift in Sources */ = {isa = PBXBuildFile; fileRef = 26D51EEF1F48A39F004D6340 /* ViewController.swift */; };
		26D51EF31F48A39F004D6340 /* Main.storyboard in Resources */ = {isa = PBXBuildFile; fileRef = 26D51EF11F48A39F004D6340 /* Main.storyboard */; };
		26D51EF51F48A39F004D6340 /* Assets.xcassets in Resources */ = {isa = PBXBuildFile; fileRef = 26D51EF41F48A39F004D6340 /* Assets.xcassets */; };
		26D51EF81F48A39F004D6340 /* LaunchScreen.storyboard in Resources */ = {isa = PBXBuildFile; fileRef = 26D51EF61F48A39F004D6340 /* LaunchScreen.storyboard */; };
		26D51F091F48C935004D6340 /* RoundBtnView.swift in Sources */ = {isa = PBXBuildFile; fileRef = 26D51F081F48C935004D6340 /* RoundBtnView.swift */; };
		26D51F0B1F48CEBE004D6340 /* RoundBtnTimerBtn.swift in Sources */ = {isa = PBXBuildFile; fileRef = 26D51F0A1F48CEBE004D6340 /* RoundBtnTimerBtn.swift */; };
		26D51F0D1F49DF73004D6340 /* WakeUpBtnView.swift in Sources */ = {isa = PBXBuildFile; fileRef = 26D51F0C1F49DF73004D6340 /* WakeUpBtnView.swift */; };
		26D51F121F49E6B3004D6340 /* BounceButton.swift in Sources */ = {isa = PBXBuildFile; fileRef = 26D51F111F49E6B3004D6340 /* BounceButton.swift */; };
/* End PBXBuildFile section */

/* Begin PBXFileReference section */
		26D51EEA1F48A39F004D6340 /* Timer!.app */ = {isa = PBXFileReference; explicitFileType = wrapper.application; includeInIndex = 0; path = "Timer!.app"; sourceTree = BUILT_PRODUCTS_DIR; };
		26D51EED1F48A39F004D6340 /* AppDelegate.swift */ = {isa = PBXFileReference; lastKnownFileType = sourcecode.swift; path = AppDelegate.swift; sourceTree = "<group>"; };
		26D51EEF1F48A39F004D6340 /* ViewController.swift */ = {isa = PBXFileReference; lastKnownFileType = sourcecode.swift; path = ViewController.swift; sourceTree = "<group>"; };
		26D51EF21F48A39F004D6340 /* Base */ = {isa = PBXFileReference; lastKnownFileType = file.storyboard; name = Base; path = Base.lproj/Main.storyboard; sourceTree = "<group>"; };
		26D51EF41F48A39F004D6340 /* Assets.xcassets */ = {isa = PBXFileReference; lastKnownFileType = folder.assetcatalog; path = Assets.xcassets; sourceTree = "<group>"; };
		26D51EF71F48A39F004D6340 /* Base */ = {isa = PBXFileReference; lastKnownFileType = file.storyboard; name = Base; path = Base.lproj/LaunchScreen.storyboard; sourceTree = "<group>"; };
		26D51EF91F48A39F004D6340 /* Info.plist */ = {isa = PBXFileReference; lastKnownFileType = text.plist.xml; path = Info.plist; sourceTree = "<group>"; };
		26D51F081F48C935004D6340 /* RoundBtnView.swift */ = {isa = PBXFileReference; fileEncoding = 4; lastKnownFileType = sourcecode.swift; path = RoundBtnView.swift; sourceTree = "<group>"; };
		26D51F0A1F48CEBE004D6340 /* RoundBtnTimerBtn.swift */ = {isa = PBXFileReference; fileEncoding = 4; lastKnownFileType = sourcecode.swift; name = RoundBtnTimerBtn.swift; path = ../RoundBtnTimerBtn.swift; sourceTree = "<group>"; };
		26D51F0C1F49DF73004D6340 /* WakeUpBtnView.swift */ = {isa = PBXFileReference; fileEncoding = 4; lastKnownFileType = sourcecode.swift; name = WakeUpBtnView.swift; path = ../WakeUpBtnView.swift; sourceTree = "<group>"; };
		26D51F111F49E6B3004D6340 /* BounceButton.swift */ = {isa = PBXFileReference; fileEncoding = 4; lastKnownFileType = sourcecode.swift; path = BounceButton.swift; sourceTree = "<group>"; };
/* End PBXFileReference section */

/* Begin PBXFrameworksBuildPhase section */
		26D51EE71F48A39F004D6340 /* Frameworks */ = {
			isa = PBXFrameworksBuildPhase;
			buildActionMask = 2147483647;
			files = (
			);
			runOnlyForDeploymentPostprocessing = 0;
		};
/* End PBXFrameworksBuildPhase section */

/* Begin PBXGroup section */
		26D51EE11F48A39E004D6340 = {
			isa = PBXGroup;
			children = (
				26D51EEC1F48A39F004D6340 /* Timer! */,
				26D51EEB1F48A39F004D6340 /* Products */,
			);
			sourceTree = "<group>";
		};
		26D51EEB1F48A39F004D6340 /* Products */ = {
			isa = PBXGroup;
			children = (
				26D51EEA1F48A39F004D6340 /* Timer!.app */,
			);
			name = Products;
			sourceTree = "<group>";
		};
		26D51EEC1F48A39F004D6340 /* Timer! */ = {
			isa = PBXGroup;
			children = (
				26D51F101F49E69B004D6340 /* CustomControls */,
				26D51F071F48C8D4004D6340 /* Model */,
				26D51F061F48C8CE004D6340 /* View */,
				26D51F051F48C8C7004D6340 /* Controller */,
				26D51EED1F48A39F004D6340 /* AppDelegate.swift */,
				26D51EEF1F48A39F004D6340 /* ViewController.swift */,
				26D51EF11F48A39F004D6340 /* Main.storyboard */,
				26D51EF41F48A39F004D6340 /* Assets.xcassets */,
				26D51EF61F48A39F004D6340 /* LaunchScreen.storyboard */,
				26D51EF91F48A39F004D6340 /* Info.plist */,
			);
			path = "Timer!";
			sourceTree = "<group>";
		};
		26D51F051F48C8C7004D6340 /* Controller */ = {
			isa = PBXGroup;
			children = (
			);
			name = Controller;
			sourceTree = "<group>";
		};
		26D51F061F48C8CE004D6340 /* View */ = {
			isa = PBXGroup;
			children = (
				26D51F081F48C935004D6340 /* RoundBtnView.swift */,
				26D51F0C1F49DF73004D6340 /* WakeUpBtnView.swift */,
				26D51F0A1F48CEBE004D6340 /* RoundBtnTimerBtn.swift */,
			);
			name = View;
			sourceTree = "<group>";
		};
		26D51F071F48C8D4004D6340 /* Model */ = {
			isa = PBXGroup;
			children = (
			);
			name = Model;
			sourceTree = "<group>";
		};
		26D51F101F49E69B004D6340 /* CustomControls */ = {
			isa = PBXGroup;
			children = (
				26D51F111F49E6B3004D6340 /* BounceButton.swift */,
			);
			name = CustomControls;
			sourceTree = "<group>";
		};
/* End PBXGroup section */

/* Begin PBXNativeTarget section */
		26D51EE91F48A39F004D6340 /* Timer! */ = {
			isa = PBXNativeTarget;
			buildConfigurationList = 26D51EFC1F48A39F004D6340 /* Build configuration list for PBXNativeTarget "Timer!" */;
			buildPhases = (
				26D51EE61F48A39F004D6340 /* Sources */,
				26D51EE71F48A39F004D6340 /* Frameworks */,
				26D51EE81F48A39F004D6340 /* Resources */,
			);
			buildRules = (
			);
			dependencies = (
			);
			name = "Timer!";
			productName = "Timer!";
			productReference = 26D51EEA1F48A39F004D6340 /* Timer!.app */;
			productType = "com.apple.product-type.application";
		};
/* End PBXNativeTarget section */

/* Begin PBXProject section */
		26D51EE21F48A39E004D6340 /* Project object */ = {
			isa = PBXProject;
			attributes = {
				LastSwiftUpdateCheck = 0830;
				LastUpgradeCheck = 0830;
				ORGANIZATIONNAME = "Cameron Laury";
				TargetAttributes = {
					26D51EE91F48A39F004D6340 = {
						CreatedOnToolsVersion = 8.3.3;
						DevelopmentTeam = 5GP62UZSP9;
						ProvisioningStyle = Automatic;
					};
				};
			};
			buildConfigurationList = 26D51EE51F48A39F004D6340 /* Build configuration list for PBXProject "Timer!" */;
			compatibilityVersion = "Xcode 3.2";
			developmentRegion = English;
			hasScannedForEncodings = 0;
			knownRegions = (
				en,
				Base,
			);
			mainGroup = 26D51EE11F48A39E004D6340;
			productRefGroup = 26D51EEB1F48A39F004D6340 /* Products */;
			projectDirPath = "";
			projectRoot = "";
			targets = (
				26D51EE91F48A39F004D6340 /* Timer! */,
			);
		};
/* End PBXProject section */

/* Begin PBXResourcesBuildPhase section */
		26D51EE81F48A39F004D6340 /* Resources */ = {
			isa = PBXResourcesBuildPhase;
			buildActionMask = 2147483647;
			files = (
				26D51EF81F48A39F004D6340 /* LaunchScreen.storyboard in Resources */,
				26D51EF51F48A39F004D6340 /* Assets.xcassets in Resources */,
				26D51EF31F48A39F004D6340 /* Main.storyboard in Resources */,
			);
			runOnlyForDeploymentPostprocessing = 0;
		};
/* End PBXResourcesBuildPhase section */

/* Begin PBXSourcesBuildPhase section */
		26D51EE61F48A39F004D6340 /* Sources */ = {
			isa = PBXSourcesBuildPhase;
			buildActionMask = 2147483647;
			files = (
				26D51F091F48C935004D6340 /* RoundBtnView.swift in Sources */,
				26D51F0D1F49DF73004D6340 /* WakeUpBtnView.swift in Sources */,
				26D51EF01F48A39F004D6340 /* ViewController.swift in Sources */,
				26D51F0B1F48CEBE004D6340 /* RoundBtnTimerBtn.swift in Sources */,
				26D51EEE1F48A39F004D6340 /* AppDelegate.swift in Sources */,
				26D51F121F49E6B3004D6340 /* BounceButton.swift in Sources */,
			);
			runOnlyForDeploymentPostprocessing = 0;
		};
/* End PBXSourcesBuildPhase section */

/* Begin PBXVariantGroup section */
		26D51EF11F48A39F004D6340 /* Main.storyboard */ = {
			isa = PBXVariantGroup;
			children = (
				26D51EF21F48A39F004D6340 /* Base */,
			);
			name = Main.storyboard;
			sourceTree = "<group>";
		};
		26D51EF61F48A39F004D6340 /* LaunchScreen.storyboard */ = {
			isa = PBXVariantGroup;
			children = (
				26D51EF71F48A39F004D6340 /* Base */,
			);
			name = LaunchScreen.storyboard;
			sourceTree = "<group>";
		};
/* End PBXVariantGroup section */

/* Begin XCBuildConfiguration section */
		26D51EFA1F48A39F004D6340 /* Debug */ = {
			isa = XCBuildConfiguration;
			buildSettings = {
				ALWAYS_SEARCH_USER_PATHS = NO;
				CLANG_ANALYZER_NONNULL = YES;
				CLANG_ANALYZER_NUMBER_OBJECT_CONVERSION = YES_AGGRESSIVE;
				CLANG_CXX_LANGUAGE_STANDARD = "gnu++0x";
				CLANG_CXX_LIBRARY = "libc++";
				CLANG_ENABLE_MODULES = YES;
				CLANG_ENABLE_OBJC_ARC = YES;
				CLANG_WARN_BOOL_CONVERSION = YES;
				CLANG_WARN_CONSTANT_CONVERSION = YES;
				CLANG_WARN_DIRECT_OBJC_ISA_USAGE = YES_ERROR;
				CLANG_WARN_DOCUMENTATION_COMMENTS = YES;
				CLANG_WARN_EMPTY_BODY = YES;
				CLANG_WARN_ENUM_CONVERSION = YES;
				CLANG_WARN_INFINITE_RECURSION = YES;
				CLANG_WARN_INT_CONVERSION = YES;
				CLANG_WARN_OBJC_ROOT_CLASS = YES_ERROR;
				CLANG_WARN_SUSPICIOUS_MOVE = YES;
				CLANG_WARN_UNREACHABLE_CODE = YES;
				CLANG_WARN__DUPLICATE_METHOD_MATCH = YES;
				"CODE_SIGN_IDENTITY[sdk=iphoneos*]" = "iPhone Developer";
				COPY_PHASE_STRIP = NO;
				DEBUG_INFORMATION_FORMAT = dwarf;
				ENABLE_STRICT_OBJC_MSGSEND = YES;
				ENABLE_TESTABILITY = YES;
				GCC_C_LANGUAGE_STANDARD = gnu99;
				GCC_DYNAMIC_NO_PIC = NO;
				GCC_NO_COMMON_BLOCKS = YES;
				GCC_OPTIMIZATION_LEVEL = 0;
				GCC_PREPROCESSOR_DEFINITIONS = (
					"DEBUG=1",
					"$(inherited)",
				);
				GCC_WARN_64_TO_32_BIT_CONVERSION = YES;
				GCC_WARN_ABOUT_RETURN_TYPE = YES_ERROR;
				GCC_WARN_UNDECLARED_SELECTOR = YES;
				GCC_WARN_UNINITIALIZED_AUTOS = YES_AGGRESSIVE;
				GCC_WARN_UNUSED_FUNCTION = YES;
				GCC_WARN_UNUSED_VARIABLE = YES;
				IPHONEOS_DEPLOYMENT_TARGET = 10.3;
				MTL_ENABLE_DEBUG_INFO = YES;
				ONLY_ACTIVE_ARCH = YES;
				SDKROOT = iphoneos;
				SWIFT_ACTIVE_COMPILATION_CONDITIONS = DEBUG;
				SWIFT_OPTIMIZATION_LEVEL = "-Onone";
			};
			name = Debug;
		};
		26D51EFB1F48A39F004D6340 /* Release */ = {
			isa = XCBuildConfiguration;
			buildSettings = {
				ALWAYS_SEARCH_USER_PATHS = NO;
				CLANG_ANALYZER_NONNULL = YES;
				CLANG_ANALYZER_NUMBER_OBJECT_CONVERSION = YES_AGGRESSIVE;
				CLANG_CXX_LANGUAGE_STANDARD = "gnu++0x";
				CLANG_CXX_LIBRARY = "libc++";
				CLANG_ENABLE_MODULES = YES;
				CLANG_ENABLE_OBJC_ARC = YES;
				CLANG_WARN_BOOL_CONVERSION = YES;
				CLANG_WARN_CONSTANT_CONVERSION = YES;
				CLANG_WARN_DIRECT_OBJC_ISA_USAGE = YES_ERROR;
				CLANG_WARN_DOCUMENTATION_COMMENTS = YES;
				CLANG_WARN_EMPTY_BODY = YES;
				CLANG_WARN_ENUM_CONVERSION = YES;
				CLANG_WARN_INFINITE_RECURSION = YES;
				CLANG_WARN_INT_CONVERSION = YES;
				CLANG_WARN_OBJC_ROOT_CLASS = YES_ERROR;
				CLANG_WARN_SUSPICIOUS_MOVE = YES;
				CLANG_WARN_UNREACHABLE_CODE = YES;
				CLANG_WARN__DUPLICATE_METHOD_MATCH = YES;
				"CODE_SIGN_IDENTITY[sdk=iphoneos*]" = "iPhone Developer";
				COPY_PHASE_STRIP = NO;
				DEBUG_INFORMATION_FORMAT = "dwarf-with-dsym";
				ENABLE_NS_ASSERTIONS = NO;
				ENABLE_STRICT_OBJC_MSGSEND = YES;
				GCC_C_LANGUAGE_STANDARD = gnu99;
				GCC_NO_COMMON_BLOCKS = YES;
				GCC_WARN_64_TO_32_BIT_CONVERSION = YES;
				GCC_WARN_ABOUT_RETURN_TYPE = YES_ERROR;
				GCC_WARN_UNDECLARED_SELECTOR = YES;
				GCC_WARN_UNINITIALIZED_AUTOS = YES_AGGRESSIVE;
				GCC_WARN_UNUSED_FUNCTION = YES;
				GCC_WARN_UNUSED_VARIABLE = YES;
				IPHONEOS_DEPLOYMENT_TARGET = 10.3;
				MTL_ENABLE_DEBUG_INFO = NO;
				SDKROOT = iphoneos;
				SWIFT_OPTIMIZATION_LEVEL = "-Owholemodule";
				VALIDATE_PRODUCT = YES;
			};
			name = Release;
		};
		26D51EFD1F48A39F004D6340 /* Debug */ = {
			isa = XCBuildConfiguration;
			buildSettings = {
				ASSETCATALOG_COMPILER_APPICON_NAME = AppIcon;
				DEVELOPMENT_TEAM = 5GP62UZSP9;
				INFOPLIST_FILE = "Timer!/Info.plist";
				LD_RUNPATH_SEARCH_PATHS = "$(inherited) @executable_path/Frameworks";
				PRODUCT_BUNDLE_IDENTIFIER = "com.CamGlam.Timer-";
				PRODUCT_NAME = "$(TARGET_NAME)";
				SWIFT_VERSION = 3.0;
			};
			name = Debug;
		};
		26D51EFE1F48A39F004D6340 /* Release */ = {
			isa = XCBuildConfiguration;
			buildSettings = {
				ASSETCATALOG_COMPILER_APPICON_NAME = AppIcon;
				DEVELOPMENT_TEAM = 5GP62UZSP9;
				INFOPLIST_FILE = "Timer!/Info.plist";
				LD_RUNPATH_SEARCH_PATHS = "$(inherited) @executable_path/Frameworks";
				PRODUCT_BUNDLE_IDENTIFIER = "com.CamGlam.Timer-";
				PRODUCT_NAME = "$(TARGET_NAME)";
				SWIFT_VERSION = 3.0;
			};
			name = Release;
		};
/* End XCBuildConfiguration section */

/* Begin XCConfigurationList section */
		26D51EE51F48A39F004D6340 /* Build configuration list for PBXProject "Timer!" */ = {
			isa = XCConfigurationList;
			buildConfigurations = (
				26D51EFA1F48A39F004D6340 /* Debug */,
				26D51EFB1F48A39F004D6340 /* Release */,
			);
			defaultConfigurationIsVisible = 0;
			defaultConfigurationName = Release;
		};
		26D51EFC1F48A39F004D6340 /* Build configuration list for PBXNativeTarget "Timer!" */ = {
			isa = XCConfigurationList;
			buildConfigurations = (
				26D51EFD1F48A39F004D6340 /* Debug */,
				26D51EFE1F48A39F004D6340 /* Release */,
			);
			defaultConfigurationIsVisible = 0;
			defaultConfigurationName = Release;
		};
/* End XCConfigurationList section */
	};
	rootObject = 26D51EE21F48A39E004D6340 /* Project object */;
}
